
Microsoft Visual Studio Solution File, Format Version 12.00
# Visual Studio Version 17
VisualStudioVersion = 17.3.32901.215
MinimumVisualStudioVersion = 10.0.40219.1
Project("{FAE04EC0-301F-11D3-BF4B-00C04F79EFBC}") = "PatronMVVM.Android", "PatronMVVM.Android\PatronMVVM.Android.csproj", "{B1429C59-B21A-4E50-91F2-91866389A12D}"
EndProject
Project("{FAE04EC0-301F-11D3-BF4B-00C04F79EFBC}") = "PatronMVVM.iOS", "PatronMVVM.iOS\PatronMVVM.iOS.csproj", "{962B591E-0C5B-431F-887B-D92C99E0D341}"
EndProject
Project("{FAE04EC0-301F-11D3-BF4B-00C04F79EFBC}") = "PatronMVVM", "PatronMVVM\PatronMVVM.csproj", "{8FFB35A5-644E-4A71-B5D2-AAD5F638F65F}"
EndProject
Global
	GlobalSection(SolutionConfigurationPlatforms) = preSolution
		Debug|Any CPU = Debug|Any CPU
		Debug|iPhone = Debug|iPhone
		Debug|iPhoneSimulator = Debug|iPhoneSimulator
		Release|Any CPU = Release|Any CPU
		Release|iPhone = Release|iPhone
		Release|iPhoneSimulator = Release|iPhoneSimulator
	EndGlobalSection
	GlobalSection(ProjectConfigurationPlatforms) = postSolution
		{B1429C59-B21A-4E50-91F2-91866389A12D}.Debug|Any CPU.ActiveCfg = Debug|Any CPU
		{B1429C59-B21A-4E50-91F2-91866389A12D}.Debug|Any CPU.Build.0 = Debug|Any CPU
		{B1429C59-B21A-4E50-91F2-91866389A12D}.Debug|Any CPU.Deploy.0 = Debug|Any CPU
		{B1429C59-B21A-4E50-91F2-91866389A12D}.Debug|iPhone.ActiveCfg = Debug|Any CPU
		{B1429C59-B21A-4E50-91F2-91866389A12D}.Debug|iPhone.Build.0 = Debug|Any CPU
		{B1429C59-B21A-4E50-91F2-91866389A12D}.Debug|iPhone.Deploy.0 = Debug|Any CPU
		{B1429C59-B21A-4E50-91F2-91866389A12D}.Debug|iPhoneSimulator.ActiveCfg = Debug|Any CPU
		{B1429C59-B21A-4E50-91F2-91866389A12D}.Debug|iPhoneSimulator.Build.0 = Debug|Any CPU
		{B1429C59-B21A-4E50-91F2-91866389A12D}.Debug|iPhoneSimulator.Deploy.0 = Debug|Any CPU
		{B1429C59-B21A-4E50-91F2-91866389A12D}.Release|Any CPU.ActiveCfg = Release|Any CPU
		{B1429C59-B21A-4E50-91F2-91866389A12D}.Release|Any CPU.Build.0 = Release|Any CPU
		{B1429C59-B21A-4E50-91F2-91866389A12D}.Release|Any CPU.Deploy.0 = Release|Any CPU
		{B1429C59-B21A-4E50-91F2-91866389A12D}.Release|iPhone.ActiveCfg = Release|Any CPU
		{B1429C59-B21A-4E50-91F2-91866389A12D}.Release|iPhone.Build.0 = Release|Any CPU
		{B1429C59-B21A-4E50-91F2-91866389A12D}.Release|iPhone.Deploy.0 = Release|Any CPU
		{B1429C59-B21A-4E50-91F2-91866389A12D}.Release|iPhoneSimulator.ActiveCfg = Release|Any CPU
		{B1429C59-B21A-4E50-91F2-91866389A12D}.Release|iPhoneSimulator.Build.0 = Release|Any CPU
		{B1429C59-B21A-4E50-91F2-91866389A12D}.Release|iPhoneSimulator.Deploy.0 = Release|Any CPU
		{962B591E-0C5B-431F-887B-D92C99E0D341}.Debug|Any CPU.ActiveCfg = Debug|iPhone
		{962B591E-0C5B-431F-887B-D92C99E0D341}.Debug|Any CPU.Build.0 = Debug|iPhone
		{962B591E-0C5B-431F-887B-D92C99E0D341}.Debug|Any CPU.Deploy.0 = Debug|iPhone
		{962B591E-0C5B-431F-887B-D92C99E0D341}.Debug|iPhone.ActiveCfg = Debug|iPhone
		{962B591E-0C5B-431F-887B-D92C99E0D341}.Debug|iPhone.Build.0 = Debug|iPhone
		{962B591E-0C5B-431F-887B-D92C99E0D341}.Debug|iPhone.Deploy.0 = Debug|iPhone
		{962B591E-0C5B-431F-887B-D92C99E0D341}.Debug|iPhoneSimulator.ActiveCfg = Debug|iPhoneSimulator
		{962B591E-0C5B-431F-887B-D92C99E0D341}.Debug|iPhoneSimulator.Build.0 = Debug|iPhoneSimulator
		{962B591E-0C5B-431F-887B-D92C99E0D341}.Debug|iPhoneSimulator.Deploy.0 = Debug|iPhoneSimulator
		{962B591E-0C5B-431F-887B-D92C99E0D341}.Release|Any CPU.ActiveCfg = Release|iPhoneSimulator
		{962B591E-0C5B-431F-887B-D92C99E0D341}.Release|Any CPU.Build.0 = Release|iPhoneSimulator
		{962B591E-0C5B-431F-887B-D92C99E0D341}.Release|Any CPU.Deploy.0 = Release|iPhoneSimulator
		{962B591E-0C5B-431F-887B-D92C99E0D341}.Release|iPhone.ActiveCfg = Release|iPhone
		{962B591E-0C5B-431F-887B-D92C99E0D341}.Release|iPhone.Build.0 = Release|iPhone
		{962B591E-0C5B-431F-887B-D92C99E0D341}.Release|iPhone.Deploy.0 = Release|iPhone
		{962B591E-0C5B-431F-887B-D92C99E0D341}.Release|iPhoneSimulator.ActiveCfg = Release|iPhoneSimulator
		{962B591E-0C5B-431F-887B-D92C99E0D341}.Release|iPhoneSimulator.Build.0 = Release|iPhoneSimulator
		{962B591E-0C5B-431F-887B-D92C99E0D341}.Release|iPhoneSimulator.Deploy.0 = Release|iPhoneSimulator
		{8FFB35A5-644E-4A71-B5D2-AAD5F638F65F}.Debug|Any CPU.ActiveCfg = Debug|Any CPU
		{8FFB35A5-644E-4A71-B5D2-AAD5F638F65F}.Debug|Any CPU.Build.0 = Debug|Any CPU
		{8FFB35A5-644E-4A71-B5D2-AAD5F638F65F}.Debug|Any CPU.Deploy.0 = Debug|Any CPU
		{8FFB35A5-644E-4A71-B5D2-AAD5F638F65F}.Debug|iPhone.ActiveCfg = Debug|Any CPU
		{8FFB35A5-644E-4A71-B5D2-AAD5F638F65F}.Debug|iPhone.Build.0 = Debug|Any CPU
		{8FFB35A5-644E-4A71-B5D2-AAD5F638F65F}.Debug|iPhone.Deploy.0 = Debug|Any CPU
		{8FFB35A5-644E-4A71-B5D2-AAD5F638F65F}.Debug|iPhoneSimulator.ActiveCfg = Debug|Any CPU
		{8FFB35A5-644E-4A71-B5D2-AAD5F638F65F}.Debug|iPhoneSimulator.Build.0 = Debug|Any CPU
		{8FFB35A5-644E-4A71-B5D2-AAD5F638F65F}.Debug|iPhoneSimulator.Deploy.0 = Debug|Any CPU
		{8FFB35A5-644E-4A71-B5D2-AAD5F638F65F}.Release|Any CPU.ActiveCfg = Release|Any CPU
		{8FFB35A5-644E-4A71-B5D2-AAD5F638F65F}.Release|Any CPU.Build.0 = Release|Any CPU
		{8FFB35A5-644E-4A71-B5D2-AAD5F638F65F}.Release|Any CPU.Deploy.0 = Release|Any CPU
		{8FFB35A5-644E-4A71-B5D2-AAD5F638F65F}.Release|iPhone.ActiveCfg = Release|Any CPU
		{8FFB35A5-644E-4A71-B5D2-AAD5F638F65F}.Release|iPhone.Build.0 = Release|Any CPU
		{8FFB35A5-644E-4A71-B5D2-AAD5F638F65F}.Release|iPhone.Deploy.0 = Release|Any CPU
		{8FFB35A5-644E-4A71-B5D2-AAD5F638F65F}.Release|iPhoneSimulator.ActiveCfg = Release|Any CPU
		{8FFB35A5-644E-4A71-B5D2-AAD5F638F65F}.Release|iPhoneSimulator.Build.0 = Release|Any CPU
		{8FFB35A5-644E-4A71-B5D2-AAD5F638F65F}.Release|iPhoneSimulator.Deploy.0 = Release|Any CPU
	EndGlobalSection
	GlobalSection(SolutionProperties) = preSolution
		HideSolutionNode = FALSE
	EndGlobalSection
	GlobalSection(ExtensibilityGlobals) = postSolution
		SolutionGuid = {88CDCDC7-5253-446B-9778-0219FFEA461A}
	EndGlobalSection
EndGlobal
